<?xml version="1.0" encoding="utf-8"?>
<Project ToolsVersion="4.0" xmlns="http://schemas.microsoft.com/developer/msbuild/2003">
  <ItemGroup>
    <Filter Include="Platform">
      <UniqueIdentifier>{cf28bdad-935a-4032-86ae-7cb1df27596f}</UniqueIdentifier>
    </Filter>
    <Filter Include="Debug">
      <UniqueIdentifier>{c1e10807-f6a3-4081-bf90-0629b983262d}</UniqueIdentifier>
    </Filter>
    <Filter Include="Object">
      <UniqueIdentifier>{25168f90-db51-4ae5-aa60-e0b9eba09281}</UniqueIdentifier>
    </Filter>
    <Filter Include="Math">
      <UniqueIdentifier>{84a66b57-bf9c-4794-b333-c44a858aa6b8}</UniqueIdentifier>
    </Filter>
    <Filter Include="Sound">
      <UniqueIdentifier>{fcdc289e-e38f-4557-94de-e54bdfb50bdd}</UniqueIdentifier>
    </Filter>
    <Filter Include="String">
      <UniqueIdentifier>{407b6aa1-8a67-4d98-a13b-69940cfc8eeb}</UniqueIdentifier>
    </Filter>
    <Filter Include="IO">
      <UniqueIdentifier>{45afdc2f-2427-49fc-a567-4e25e9fed586}</UniqueIdentifier>
    </Filter>
    <Filter Include="Resources">
      <UniqueIdentifier>{123c1ace-b86c-48a2-a380-f5d41b93c6bf}</UniqueIdentifier>
    </Filter>
    <Filter Include="ThirdParty">
      <UniqueIdentifier>{6f819352-03ce-4799-8599-03edf958b67a}</UniqueIdentifier>
    </Filter>
    <Filter Include="ThirdParty\bin">
      <UniqueIdentifier>{70bae780-414a-444d-b533-a333209dbb3e}</UniqueIdentifier>
    </Filter>
    <Filter Include="ThirdParty\Inc">
      <UniqueIdentifier>{f81d13d7-2f4c-4730-815b-bcf32f52912d}</UniqueIdentifier>
    </Filter>
    <Filter Include="Custom">
      <UniqueIdentifier>{1672b2cf-1eff-4db8-9cab-5c9fd55eb4f8}</UniqueIdentifier>
    </Filter>
  </ItemGroup>
  <ItemGroup>
    <ClInclude Include="GameEngineWindow.h">
      <Filter>Platform</Filter>
    </ClInclude>
    <ClInclude Include="GameEngineNameObject.h">
      <Filter>Object</Filter>
    </ClInclude>
    <ClInclude Include="GameEngineMath.h">
      <Filter>Math</Filter>
    </ClInclude>
    <ClInclude Include="GameEngineString.h">
      <Filter>String</Filter>
    </ClInclude>
    <ClInclude Include="GameEngineTime.h">
      <Filter>Platform</Filter>
    </ClInclude>
    <ClInclude Include="GameEngineInput.h">
      <Filter>Platform</Filter>
    </ClInclude>
    <ClInclude Include="GameEngineUpdateObject.h">
      <Filter>Object</Filter>
    </ClInclude>
    <ClInclude Include="GameEngineRandom.h">
      <Filter>Math</Filter>
    </ClInclude>
    <ClInclude Include="GameEngineSound.h">
      <Filter>Resources</Filter>
    </ClInclude>
    <ClInclude Include="GameEngineDebug.h">
      <Filter>Debug</Filter>
    </ClInclude>
    <ClInclude Include="GameEngineFile.h">
      <Filter>IO</Filter>
    </ClInclude>
    <ClInclude Include="GameEnginePath.h">
      <Filter>IO</Filter>
    </ClInclude>
    <ClInclude Include="GameEngineReadFile.h">
      <Filter>IO</Filter>
    </ClInclude>
    <ClInclude Include="GameEngineWriteFile.h">
      <Filter>IO</Filter>
    </ClInclude>
    <ClInclude Include="GameEngineDirectory.h">
      <Filter>IO</Filter>
    </ClInclude>
    <ClInclude Include="GameEngineCustomStringSet.h">
      <Filter>Custom</Filter>
    </ClInclude>
  </ItemGroup>
  <ItemGroup>
    <ClCompile Include="GameEngineWindow.cpp">
      <Filter>Platform</Filter>
    </ClCompile>
    <ClCompile Include="GameEngineNameObject.cpp">
      <Filter>Object</Filter>
    </ClCompile>
    <ClCompile Include="GameEngineMath.cpp">
      <Filter>Math</Filter>
    </ClCompile>
    <ClCompile Include="GameEngineString.cpp">
      <Filter>String</Filter>
    </ClCompile>
    <ClCompile Include="GameEngineTime.cpp">
      <Filter>Platform</Filter>
    </ClCompile>
    <ClCompile Include="GameEngineInput.cpp">
      <Filter>Platform</Filter>
    </ClCompile>
    <ClCompile Include="GameEngineUpdateObject.cpp">
      <Filter>Object</Filter>
    </ClCompile>
    <ClCompile Include="GameEngineRandom.cpp">
      <Filter>Math</Filter>
    </ClCompile>
    <ClCompile Include="GameEngineSound.cpp">
      <Filter>Resources</Filter>
    </ClCompile>
    <ClCompile Include="GameEngineDebug.cpp">
      <Filter>Debug</Filter>
    </ClCompile>
    <ClCompile Include="GameEngineFile.cpp">
      <Filter>IO</Filter>
    </ClCompile>
    <ClCompile Include="GameEnginePath.cpp">
      <Filter>IO</Filter>
    </ClCompile>
    <ClCompile Include="GameEngineReadFile.cpp">
      <Filter>IO</Filter>
    </ClCompile>
    <ClCompile Include="GameEngineWriteFile.cpp">
      <Filter>IO</Filter>
    </ClCompile>
    <ClCompile Include="GameEngineDirectory.cpp">
      <Filter>IO</Filter>
    </ClCompile>
  </ItemGroup>
  <ItemGroup>
    <None Include="ThirdParty\inc\fmod.h">
      <Filter>ThirdParty\Inc</Filter>
    </None>
    <None Include="ThirdParty\inc\fmod.hpp">
      <Filter>ThirdParty\Inc</Filter>
    </None>
  </ItemGroup>
  <ItemGroup>
    <CopyFileToFolders Include="ThirdParty\bin\fmod.dll">
      <Filter>ThirdParty\bin</Filter>
    </CopyFileToFolders>
    <CopyFileToFolders Include="ThirdParty\bin\fmod_vc.lib">
      <Filter>ThirdParty\bin</Filter>
    </CopyFileToFolders>
    <CopyFileToFolders Include="ThirdParty\bin\fmodL.dll">
      <Filter>ThirdParty\bin</Filter>
    </CopyFileToFolders>
    <CopyFileToFolders Include="ThirdParty\bin\fmodL_vc.lib">
      <Filter>ThirdParty\bin</Filter>
    </CopyFileToFolders>
  </ItemGroup>
</Project>