<?xml version="1.0" encoding="utf-8"?>
<Project ToolsVersion="4.0" xmlns="http://schemas.microsoft.com/developer/msbuild/2003">
  <ItemGroup>
    <ClInclude Include="GameEngine.h" />
    <ClInclude Include="GameEngineLevel.h">
      <Filter>Object</Filter>
    </ClInclude>
    <ClInclude Include="GameEngineActor.h">
      <Filter>Object\Actor</Filter>
    </ClInclude>
    <ClInclude Include="GameEngineImage.h">
      <Filter>Resources</Filter>
    </ClInclude>
    <ClInclude Include="GameEngineImageManager.h">
      <Filter>Resources\Manager</Filter>
    </ClInclude>
    <ClInclude Include="GameEngineRenderer.h">
      <Filter>Object\Actor\SubObject</Filter>
    </ClInclude>
    <ClInclude Include="GameEngineEnum.h">
      <Filter>Global</Filter>
    </ClInclude>
    <ClInclude Include="GameEngineActorSubObject.h">
      <Filter>Object\Actor\SubObject</Filter>
    </ClInclude>
    <ClInclude Include="GameEngineCollision.h">
      <Filter>Object\Actor\SubObject</Filter>
    </ClInclude>
    <ClInclude Include="GameEngineFolderImage.h">
      <Filter>Resources</Filter>
    </ClInclude>
    <ClInclude Include="GameEngineRendererTileMap.h">
      <Filter>Contents</Filter>
    </ClInclude>
    <ClInclude Include="GameEngineFont.h">
      <Filter>Resources</Filter>
    </ClInclude>
  </ItemGroup>
  <ItemGroup>
    <ClCompile Include="GameEngine.cpp" />
    <ClCompile Include="GameEngineLevel.cpp">
      <Filter>Object</Filter>
    </ClCompile>
    <ClCompile Include="GameEngineActor.cpp">
      <Filter>Object\Actor</Filter>
    </ClCompile>
    <ClCompile Include="GameEngineImage.cpp">
      <Filter>Resources</Filter>
    </ClCompile>
    <ClCompile Include="GameEngineImageManager.cpp">
      <Filter>Resources\Manager</Filter>
    </ClCompile>
    <ClCompile Include="GameEngineRenderer.cpp">
      <Filter>Object\Actor\SubObject</Filter>
    </ClCompile>
    <ClCompile Include="GameEngineActorSubObject.cpp">
      <Filter>Object\Actor\SubObject</Filter>
    </ClCompile>
    <ClCompile Include="GameEngineCollision.cpp">
      <Filter>Object\Actor\SubObject</Filter>
    </ClCompile>
    <ClCompile Include="GameEngineFolderImage.cpp">
      <Filter>Resources</Filter>
    </ClCompile>
    <ClCompile Include="GameEngineRendererTileMap.cpp">
      <Filter>Contents</Filter>
    </ClCompile>
    <ClCompile Include="GameEngineFont.cpp">
      <Filter>Resources</Filter>
    </ClCompile>
  </ItemGroup>
  <ItemGroup>
    <Filter Include="Object">
      <UniqueIdentifier>{1f183d2f-0abb-4165-930e-82c4385be81f}</UniqueIdentifier>
    </Filter>
    <Filter Include="Object\Actor">
      <UniqueIdentifier>{bcfb73c6-30e5-49b2-b9ce-7be50f4a5c17}</UniqueIdentifier>
    </Filter>
    <Filter Include="Resources">
      <UniqueIdentifier>{6fa3be38-4160-4da4-815c-b9c4a978c768}</UniqueIdentifier>
    </Filter>
    <Filter Include="Resources\Manager">
      <UniqueIdentifier>{0b8f0a49-eb17-4bb4-ba5c-dd549127edac}</UniqueIdentifier>
    </Filter>
    <Filter Include="Object\Actor\SubObject">
      <UniqueIdentifier>{843d7910-18cf-4607-b3cf-207d5dd8ca46}</UniqueIdentifier>
    </Filter>
    <Filter Include="Global">
      <UniqueIdentifier>{61f840a0-bab3-44fd-a379-e315fda223ac}</UniqueIdentifier>
    </Filter>
    <Filter Include="Contents">
      <UniqueIdentifier>{20b92071-b3cb-4b03-94a0-409172801c5f}</UniqueIdentifier>
    </Filter>
  </ItemGroup>
</Project>