<?xml version="1.0" encoding="utf-8"?>
<Project ToolsVersion="4.0" xmlns="http://schemas.microsoft.com/developer/msbuild/2003">
  <ItemGroup>
    <ClInclude Include="Worms.h" />
    <ClInclude Include="TitleLevel.h">
      <Filter>00.TitleLevel</Filter>
    </ClInclude>
    <ClInclude Include="PlayLevel.h">
      <Filter>02.PlayLevel</Filter>
    </ClInclude>
    <ClInclude Include="LobbyLevel.h">
      <Filter>01.LobbyLevel</Filter>
    </ClInclude>
    <ClInclude Include="StartLogo.h">
      <Filter>00.TitleLevel\TitleActor</Filter>
    </ClInclude>
    <ClInclude Include="LobbyBackGround.h">
      <Filter>01.LobbyLevel\LobbyActor</Filter>
    </ClInclude>
    <ClInclude Include="MainLogo.h">
      <Filter>00.TitleLevel\TitleActor</Filter>
    </ClInclude>
    <ClInclude Include="Enums.h">
      <Filter>Global</Filter>
    </ClInclude>
    <ClInclude Include="Cursor.h">
      <Filter>Global</Filter>
    </ClInclude>
    <ClInclude Include="TitleImage.h">
      <Filter>00.TitleLevel\TitleActor</Filter>
    </ClInclude>
    <ClInclude Include="WeaponMaster.h">
      <Filter>02.PlayLevel\Player\Weapon</Filter>
    </ClInclude>
    <ClInclude Include="Baz.h">
      <Filter>02.PlayLevel\Player\Weapon</Filter>
    </ClInclude>
    <ClInclude Include="ReadyButton.h">
      <Filter>01.LobbyLevel\LobbyActor\Button</Filter>
    </ClInclude>
    <ClInclude Include="StartButton.h">
      <Filter>01.LobbyLevel\LobbyActor\Button</Filter>
    </ClInclude>
    <ClInclude Include="ExitButton.h">
      <Filter>01.LobbyLevel\LobbyActor\Button</Filter>
    </ClInclude>
    <ClInclude Include="SmallCloud.h">
      <Filter>02.PlayLevel\BackGroundActor</Filter>
    </ClInclude>
    <ClInclude Include="PlayLevelTestMap.h">
      <Filter>02.PlayLevel\BackGroundActor</Filter>
    </ClInclude>
    <ClInclude Include="LargeCloud.h">
      <Filter>02.PlayLevel\BackGroundActor</Filter>
    </ClInclude>
    <ClInclude Include="Water.h">
      <Filter>02.PlayLevel\BackGroundActor</Filter>
    </ClInclude>
    <ClInclude Include="MapBooks.h">
      <Filter>02.PlayLevel\Map</Filter>
    </ClInclude>
    <ClInclude Include="GameMapMaster.h">
      <Filter>02.PlayLevel\Map</Filter>
    </ClInclude>
    <ClInclude Include="LobbyHeaders.h">
      <Filter>01.LobbyLevel</Filter>
    </ClInclude>
    <ClInclude Include="LobbySettings.h">
      <Filter>01.LobbyLevel\LobbyActor</Filter>
    </ClInclude>
    <ClInclude Include="ChatBox.h">
      <Filter>01.LobbyLevel\LobbyActor\Box</Filter>
    </ClInclude>
    <ClInclude Include="PlayersBox.h">
      <Filter>01.LobbyLevel\LobbyActor\Box</Filter>
    </ClInclude>
    <ClInclude Include="TypingBox.h">
      <Filter>01.LobbyLevel\LobbyActor\Box</Filter>
    </ClInclude>
    <ClInclude Include="TerrainBox.h">
      <Filter>01.LobbyLevel\LobbyActor\Box</Filter>
    </ClInclude>
    <ClInclude Include="Player.h">
      <Filter>02.PlayLevel\Player</Filter>
    </ClInclude>
    <ClInclude Include="Font.h">
      <Filter>Global</Filter>
    </ClInclude>
    <ClInclude Include="Button.h">
      <Filter>01.LobbyLevel\LobbyActor\Button</Filter>
    </ClInclude>
    <ClInclude Include="EffectManager.h">
      <Filter>02.PlayLevel\Effects</Filter>
    </ClInclude>
    <ClInclude Include="Foom.h">
      <Filter>02.PlayLevel\Effects\FxObjects</Filter>
    </ClInclude>
    <ClInclude Include="GameOptions.h">
      <Filter>Global</Filter>
    </ClInclude>
    <ClInclude Include="TeamButton.h">
      <Filter>01.LobbyLevel\LobbyActor\Box\TeamEdit</Filter>
    </ClInclude>
    <ClInclude Include="Grenade.h">
      <Filter>02.PlayLevel\Player\Weapon</Filter>
    </ClInclude>
    <ClInclude Include="TeamEditBox.h">
      <Filter>01.LobbyLevel\LobbyActor\Box\TeamEdit</Filter>
    </ClInclude>
    <ClInclude Include="TeamColorButton.h">
      <Filter>01.LobbyLevel\LobbyActor\Box\TeamEdit</Filter>
    </ClInclude>
    <ClInclude Include="TeamHandicapButton.h">
      <Filter>01.LobbyLevel\LobbyActor\Box\TeamEdit</Filter>
    </ClInclude>
    <ClInclude Include="TeamNumButton.h">
      <Filter>01.LobbyLevel\LobbyActor\Box\TeamEdit</Filter>
    </ClInclude>
    <ClInclude Include="MapList.h">
      <Filter>01.LobbyLevel\LobbyActor\Box</Filter>
    </ClInclude>
    <ClInclude Include="TurnTimeButton.h">
      <Filter>01.LobbyLevel\LobbyActor\Button</Filter>
    </ClInclude>
    <ClInclude Include="AirStrike.h">
      <Filter>02.PlayLevel\Player\Weapon</Filter>
    </ClInclude>
    <ClInclude Include="PixelCollision.h">
      <Filter>Global</Filter>
    </ClInclude>
    <ClInclude Include="UIMaster.h">
      <Filter>02.PlayLevel\UI</Filter>
    </ClInclude>
    <ClInclude Include="Inventory.h">
      <Filter>02.PlayLevel\UI</Filter>
    </ClInclude>
    <ClInclude Include="AirBomb.h">
      <Filter>02.PlayLevel\Player\Weapon</Filter>
    </ClInclude>
    <ClInclude Include="TeamHpBar.h">
      <Filter>02.PlayLevel\UI</Filter>
    </ClInclude>
    <ClInclude Include="TeamHpBarList.h">
      <Filter>02.PlayLevel\UI</Filter>
    </ClInclude>
    <ClInclude Include="HpBar.h">
      <Filter>02.PlayLevel\Player</Filter>
    </ClInclude>
    <ClInclude Include="SuperSheep.h">
      <Filter>02.PlayLevel\Player\Weapon</Filter>
    </ClInclude>
    <ClInclude Include="Crosshair.h">
      <Filter>02.PlayLevel\Player</Filter>
    </ClInclude>
    <ClInclude Include="TimerActor.h">
      <Filter>Global</Filter>
    </ClInclude>
    <ClInclude Include="Sheep.h">
      <Filter>02.PlayLevel\Player\Weapon</Filter>
    </ClInclude>
    <ClInclude Include="ShootingParticle.h">
      <Filter>Global</Filter>
    </ClInclude>
    <ClInclude Include="ChargeBlob.h">
      <Filter>02.PlayLevel\Player</Filter>
    </ClInclude>
    <ClInclude Include="LobbyShootingStar.h">
      <Filter>01.LobbyLevel\LobbyActor</Filter>
    </ClInclude>
    <ClInclude Include="PlayShootingStar.h">
      <Filter>02.PlayLevel\UI</Filter>
    </ClInclude>
    <ClInclude Include="TimerBox.h">
      <Filter>02.PlayLevel\UI</Filter>
    </ClInclude>
    <ClInclude Include="WindGauge.h">
      <Filter>02.PlayLevel</Filter>
    </ClInclude>
    <ClInclude Include="Skidmark.h">
      <Filter>02.PlayLevel\Effects\FxObjects</Filter>
    </ClInclude>
    <ClInclude Include="CreditLevel.h">
      <Filter>03.EndingLevel</Filter>
    </ClInclude>
    <ClInclude Include="Credit.h">
      <Filter>03.EndingLevel\Actor</Filter>
    </ClInclude>
    <ClInclude Include="FadeIn.h">
      <Filter>03.EndingLevel\Actor</Filter>
    </ClInclude>
    <ClInclude Include="WindGauge.h">
      <Filter>02.PlayLevel\UI</Filter>
    </ClInclude>
    <ClInclude Include="MiddleCloud.h">
      <Filter>02.PlayLevel\BackGroundActor</Filter>
    </ClInclude>
    <ClInclude Include="ChattingBox.h">
      <Filter>01.LobbyLevel\LobbyActor\Box</Filter>
    </ClInclude>
  </ItemGroup>
  <ItemGroup>
    <ClCompile Include="Worms.cpp" />
    <ClCompile Include="TitleLevel.cpp">
      <Filter>00.TitleLevel</Filter>
    </ClCompile>
    <ClCompile Include="LobbyLevel.cpp">
      <Filter>01.LobbyLevel</Filter>
    </ClCompile>
    <ClCompile Include="StartLogo.cpp">
      <Filter>00.TitleLevel\TitleActor</Filter>
    </ClCompile>
    <ClCompile Include="LobbyBackGround.cpp">
      <Filter>01.LobbyLevel\LobbyActor</Filter>
    </ClCompile>
    <ClCompile Include="Cursor.cpp">
      <Filter>Global</Filter>
    </ClCompile>
    <ClCompile Include="MainLogo.cpp">
      <Filter>00.TitleLevel\TitleActor</Filter>
    </ClCompile>
    <ClCompile Include="TitleImage.cpp">
      <Filter>00.TitleLevel\TitleActor</Filter>
    </ClCompile>
    <ClCompile Include="WindGauge.cpp">
      <Filter>02.PlayLevel\UI</Filter>
    </ClCompile>
    <ClCompile Include="GameOptions.cpp">
      <Filter>Global</Filter>
    </ClCompile>
    <ClCompile Include="WeaponMaster.cpp">
      <Filter>02.PlayLevel\Player\Weapon</Filter>
    </ClCompile>
    <ClCompile Include="Baz.cpp">
      <Filter>02.PlayLevel\Player\Weapon</Filter>
    </ClCompile>
    <ClCompile Include="ReadyButton.cpp">
      <Filter>01.LobbyLevel\LobbyActor\Button</Filter>
    </ClCompile>
    <ClCompile Include="StartButton.cpp">
      <Filter>01.LobbyLevel\LobbyActor\Button</Filter>
    </ClCompile>
    <ClCompile Include="ExitButton.cpp">
      <Filter>01.LobbyLevel\LobbyActor\Button</Filter>
    </ClCompile>
    <ClCompile Include="PlayLevelTestMap.cpp">
      <Filter>02.PlayLevel\BackGroundActor</Filter>
    </ClCompile>
    <ClCompile Include="SmallCloud.cpp">
      <Filter>02.PlayLevel\BackGroundActor</Filter>
    </ClCompile>
    <ClCompile Include="LargeCloud.cpp">
      <Filter>02.PlayLevel\BackGroundActor</Filter>
    </ClCompile>
    <ClCompile Include="Water.cpp">
      <Filter>02.PlayLevel\BackGroundActor</Filter>
    </ClCompile>
    <ClCompile Include="MapBooks.cpp">
      <Filter>02.PlayLevel\Map</Filter>
    </ClCompile>
    <ClCompile Include="GameMapMaster.cpp">
      <Filter>02.PlayLevel\Map</Filter>
    </ClCompile>
    <ClCompile Include="LobbySettings.cpp">
      <Filter>01.LobbyLevel\LobbyActor</Filter>
    </ClCompile>
    <ClCompile Include="ChatBox.cpp">
      <Filter>01.LobbyLevel\LobbyActor\Box</Filter>
    </ClCompile>
    <ClCompile Include="PlayersBox.cpp">
      <Filter>01.LobbyLevel\LobbyActor\Box</Filter>
    </ClCompile>
    <ClCompile Include="TypingBox.cpp">
      <Filter>01.LobbyLevel\LobbyActor\Box</Filter>
    </ClCompile>
    <ClCompile Include="TerrainBox.cpp">
      <Filter>01.LobbyLevel\LobbyActor\Box</Filter>
    </ClCompile>
    <ClCompile Include="Player.cpp">
      <Filter>02.PlayLevel\Player</Filter>
    </ClCompile>
    <ClCompile Include="PlayerState.cpp">
      <Filter>02.PlayLevel\Player</Filter>
    </ClCompile>
    <ClCompile Include="Button.cpp">
      <Filter>01.LobbyLevel\LobbyActor\Button</Filter>
    </ClCompile>
    <ClCompile Include="EffectManager.cpp">
      <Filter>02.PlayLevel\Effects</Filter>
    </ClCompile>
    <ClCompile Include="Foom.cpp">
      <Filter>02.PlayLevel\Effects\FxObjects</Filter>
    </ClCompile>
    <ClCompile Include="Font.cpp">
      <Filter>Global</Filter>
    </ClCompile>
    <ClCompile Include="TeamEditBox.cpp">
      <Filter>01.LobbyLevel\LobbyActor\Box\TeamEdit</Filter>
    </ClCompile>
    <ClCompile Include="TeamButton.cpp">
      <Filter>01.LobbyLevel\LobbyActor\Box\TeamEdit</Filter>
    </ClCompile>
    <ClCompile Include="Grenade.cpp">
      <Filter>02.PlayLevel\Player\Weapon</Filter>
    </ClCompile>
    <ClCompile Include="EffectList.cpp">
      <Filter>02.PlayLevel\Effects</Filter>
    </ClCompile>
    <ClCompile Include="TeamColorButton.cpp">
      <Filter>01.LobbyLevel\LobbyActor\Box\TeamEdit</Filter>
    </ClCompile>
    <ClCompile Include="TeamHandicapButton.cpp">
      <Filter>01.LobbyLevel\LobbyActor\Box\TeamEdit</Filter>
    </ClCompile>
    <ClCompile Include="TeamNumButton.cpp">
      <Filter>01.LobbyLevel\LobbyActor\Box\TeamEdit</Filter>
    </ClCompile>
    <ClCompile Include="MapList.cpp">
      <Filter>01.LobbyLevel\LobbyActor\Box</Filter>
    </ClCompile>
    <ClCompile Include="PixelCollision.cpp">
      <Filter>Global</Filter>
    </ClCompile>
    <ClCompile Include="TurnTimeButton.cpp">
      <Filter>01.LobbyLevel\LobbyActor\Button</Filter>
    </ClCompile>
    <ClCompile Include="AirStrike.cpp">
      <Filter>02.PlayLevel\Player\Weapon</Filter>
    </ClCompile>
    <ClCompile Include="UIMaster.cpp">
      <Filter>02.PlayLevel\UI</Filter>
    </ClCompile>
    <ClCompile Include="Inventory.cpp">
      <Filter>02.PlayLevel\UI</Filter>
    </ClCompile>
    <ClCompile Include="AirBomb.cpp">
      <Filter>02.PlayLevel\Player\Weapon</Filter>
    </ClCompile>
    <ClCompile Include="SuperSheep.cpp">
      <Filter>02.PlayLevel\Player\Weapon</Filter>
    </ClCompile>
    <ClCompile Include="HpBar.cpp">
      <Filter>02.PlayLevel\Player</Filter>
    </ClCompile>
    <ClCompile Include="TeamHpBar.cpp">
      <Filter>02.PlayLevel\UI</Filter>
    </ClCompile>
    <ClCompile Include="TeamHpBarList.cpp">
      <Filter>02.PlayLevel\UI</Filter>
    </ClCompile>
    <ClCompile Include="TimerActor.cpp">
      <Filter>Global</Filter>
    </ClCompile>
    <ClCompile Include="Crosshair.cpp">
      <Filter>02.PlayLevel\Player</Filter>
    </ClCompile>
    <ClCompile Include="ChargeBlob.cpp">
      <Filter>02.PlayLevel\Player</Filter>
    </ClCompile>
    <ClCompile Include="Sheep.cpp">
      <Filter>02.PlayLevel\Player\Weapon</Filter>
    </ClCompile>
    <ClCompile Include="ShootingParticle.cpp">
      <Filter>Global</Filter>
    </ClCompile>
    <ClCompile Include="LobbyShootingStar.cpp">
      <Filter>01.LobbyLevel\LobbyActor</Filter>
    </ClCompile>
    <ClCompile Include="PlayShootingStar.cpp">
      <Filter>02.PlayLevel\UI</Filter>
    </ClCompile>
    <ClCompile Include="TimerBox.cpp">
      <Filter>02.PlayLevel\UI</Filter>
    </ClCompile>
    <ClCompile Include="PlayLevel.cpp">
      <Filter>02.PlayLevel</Filter>
    </ClCompile>
    <ClCompile Include="PlayLevel.cpp">
      <Filter>02.PlayLevel</Filter>
    </ClCompile>
    <ClCompile Include="Skidmark.cpp">
      <Filter>02.PlayLevel\Effects\FxObjects</Filter>
    </ClCompile>
    <ClCompile Include="CreditLevel.cpp">
      <Filter>03.EndingLevel</Filter>
    </ClCompile>
    <ClCompile Include="Credit.cpp">
      <Filter>03.EndingLevel\Actor</Filter>
    </ClCompile>
    <ClCompile Include="FadeIn.cpp">
      <Filter>03.EndingLevel\Actor</Filter>
    </ClCompile>
    <ClCompile Include="MiddleCloud.cpp">
      <Filter>02.PlayLevel\BackGroundActor</Filter>
    </ClCompile>
    <ClCompile Include="ChattingBox.cpp">
      <Filter>01.LobbyLevel\LobbyActor\Box</Filter>
    </ClCompile>
  </ItemGroup>
  <ItemGroup>
    <Filter Include="02.PlayLevel">
      <UniqueIdentifier>{44cd1b98-72cb-44c6-8ad1-651f6ac78963}</UniqueIdentifier>
    </Filter>
    <Filter Include="00.TitleLevel">
      <UniqueIdentifier>{1240f482-bd0d-4a0b-9d8f-c9e3dace40c9}</UniqueIdentifier>
    </Filter>
    <Filter Include="01.LobbyLevel">
      <UniqueIdentifier>{8084ddbc-5d77-4a00-ab28-f1dccd093d96}</UniqueIdentifier>
    </Filter>
    <Filter Include="00.TitleLevel\TitleActor">
      <UniqueIdentifier>{18ec502e-d698-4176-b91a-ed1808d5df9b}</UniqueIdentifier>
    </Filter>
    <Filter Include="01.LobbyLevel\LobbyActor">
      <UniqueIdentifier>{5c8d914d-5ef3-413a-a5ff-02d5280fcfc7}</UniqueIdentifier>
    </Filter>
    <Filter Include="Global">
      <UniqueIdentifier>{5e5f2c03-780d-427d-ab9c-46425c823768}</UniqueIdentifier>
    </Filter>
    <Filter Include="02.PlayLevel\UI">
      <UniqueIdentifier>{c64655e0-e238-4f34-8871-e10fcd9e5199}</UniqueIdentifier>
    </Filter>
    <Filter Include="01.LobbyLevel\LobbyActor\Box">
      <UniqueIdentifier>{0bb4f140-d2db-462b-853a-602c7dbc5184}</UniqueIdentifier>
    </Filter>
    <Filter Include="02.PlayLevel\Map">
      <UniqueIdentifier>{cb029cd1-c9c5-4a4b-b214-bb019df3c8a7}</UniqueIdentifier>
    </Filter>
    <Filter Include="02.PlayLevel\BackGroundActor">
      <UniqueIdentifier>{5e393cdd-a522-42b7-90e4-81705b4a1547}</UniqueIdentifier>
    </Filter>
    <Filter Include="02.PlayLevel\Player">
      <UniqueIdentifier>{4d283624-41dc-4e67-b4f1-9d3f973f8cf1}</UniqueIdentifier>
    </Filter>
    <Filter Include="02.PlayLevel\Player\Weapon">
      <UniqueIdentifier>{c0fca085-c4b7-4fba-bd07-7ee15314afa2}</UniqueIdentifier>
    </Filter>
    <Filter Include="02.PlayLevel\Effects">
      <UniqueIdentifier>{2f85ed52-2c77-40d6-89a6-b05b22d25d92}</UniqueIdentifier>
    </Filter>
    <Filter Include="02.PlayLevel\Effects\FxObjects">
      <UniqueIdentifier>{f9b31f6f-64d3-4b01-baf9-9c8a95a22e3f}</UniqueIdentifier>
    </Filter>
    <Filter Include="01.LobbyLevel\LobbyActor\Box\TeamEdit">
      <UniqueIdentifier>{e7c50cd5-c53f-4ed1-b33b-c70d70330bb7}</UniqueIdentifier>
    </Filter>
    <Filter Include="01.LobbyLevel\LobbyActor\Button">
      <UniqueIdentifier>{6184b198-e4ce-4492-81e1-d33be17f814d}</UniqueIdentifier>
    </Filter>
    <Filter Include="03.EndingLevel">
      <UniqueIdentifier>{d3e9fdb1-ec10-4a99-89da-b7f5e939251d}</UniqueIdentifier>
    </Filter>
    <Filter Include="03.EndingLevel\Actor">
      <UniqueIdentifier>{d9f7a5bd-6252-4e8d-82f7-4b34e51b8c8a}</UniqueIdentifier>
    </Filter>
  </ItemGroup>
</Project>