<?xml version="1.0" encoding="utf-8"?>
<Project ToolsVersion="4.0" xmlns="http://schemas.microsoft.com/developer/msbuild/2003">
  <ItemGroup>
    <ClInclude Include="Worms.h" />
    <ClInclude Include="TitleLevel.h">
      <Filter>00.TitleLevel</Filter>
    </ClInclude>
    <ClInclude Include="PlayLevel.h">
      <Filter>02.PlayLevel</Filter>
    </ClInclude>
    <ClInclude Include="LobbyLevel.h">
      <Filter>01.LobbyLevel</Filter>
    </ClInclude>
    <ClInclude Include="PlayLevelTestMap.h">
      <Filter>02.PlayLevel\TestActor</Filter>
    </ClInclude>
    <ClInclude Include="PlayLevelTestMouse.h">
      <Filter>02.PlayLevel\TestActor</Filter>
    </ClInclude>
    <ClInclude Include="LobbyBackGround.h">
      <Filter>01.LobbyLevel\LobbyActor</Filter>
    </ClInclude>
    <ClInclude Include="Enums.h">
      <Filter>Global</Filter>
    </ClInclude>
  </ItemGroup>
  <ItemGroup>
    <ClCompile Include="Worms.cpp" />
    <ClCompile Include="TitleLevel.cpp">
      <Filter>00.TitleLevel</Filter>
    </ClCompile>
    <ClCompile Include="PlayLevel.cpp">
      <Filter>02.PlayLevel</Filter>
    </ClCompile>
    <ClCompile Include="LobbyLevel.cpp">
      <Filter>01.LobbyLevel</Filter>
    </ClCompile>
    <ClCompile Include="PlayLevelTestMap.cpp">
      <Filter>02.PlayLevel\TestActor</Filter>
    </ClCompile>
    <ClCompile Include="PlayLevelTestMouse.cpp">
      <Filter>02.PlayLevel\TestActor</Filter>
    </ClCompile>
    <ClCompile Include="LobbyBackGround.cpp">
      <Filter>01.LobbyLevel\LobbyActor</Filter>
    </ClCompile>
  </ItemGroup>
  <ItemGroup>
    <Filter Include="02.PlayLevel">
      <UniqueIdentifier>{44cd1b98-72cb-44c6-8ad1-651f6ac78963}</UniqueIdentifier>
    </Filter>
    <Filter Include="00.TitleLevel">
      <UniqueIdentifier>{1240f482-bd0d-4a0b-9d8f-c9e3dace40c9}</UniqueIdentifier>
    </Filter>
    <Filter Include="01.LobbyLevel">
      <UniqueIdentifier>{8084ddbc-5d77-4a00-ab28-f1dccd093d96}</UniqueIdentifier>
    </Filter>
    <Filter Include="02.PlayLevel\TestActor">
      <UniqueIdentifier>{fd58066b-ce4b-45e0-9990-7b4a2a9c9c50}</UniqueIdentifier>
    </Filter>
    <Filter Include="01.LobbyLevel\LobbyActor">
      <UniqueIdentifier>{83644981-93b6-4345-ba05-8dbd484e2f20}</UniqueIdentifier>
    </Filter>
    <Filter Include="Global">
      <UniqueIdentifier>{04a3fa67-596e-4462-9dd0-ada612d6568f}</UniqueIdentifier>
    </Filter>
  </ItemGroup>
</Project>